{
  "version": "4",
  "specifiers": {
    "npm:@jsr/std__assert@1.0.12": "1.0.12",
    "npm:@jsr/std__assert@1.0.13": "1.0.13",
    "npm:@jsr/std__async@1.0.12": "1.0.12",
    "npm:@jsr/std__testing@1.0.11": "1.0.11",
    "npm:@jsr/valkyr__testcontainers@2.0.0": "2.0.0",
    "npm:@valkyr/db@1.0.1": "1.0.1",
    "npm:eslint-plugin-simple-import-sort@12.1.1": "12.1.1_eslint@9.25.1",
    "npm:eslint@9.25.1": "9.25.1",
    "npm:fake-indexeddb@6.0.0": "6.0.0",
    "npm:mongodb@6.15.0": "6.15.0",
    "npm:nanoid@5.1.5": "5.1.5",
    "npm:postgres@3.4.5": "3.4.5",
    "npm:postgres@^3.4.5": "3.4.5",
    "npm:prettier@3.5.3": "3.5.3",
    "npm:typescript-eslint@8.31.0": "8.31.0_eslint@9.25.1_typescript@5.8.3_@typescript-eslint+parser@8.31.0__eslint@9.25.1__typescript@5.8.3",
    "npm:zod@next": "4.0.0-beta.20250420T053007"
  },
  "npm": {
    "@eslint-community/eslint-utils@4.6.1_eslint@9.25.1": {
      "integrity": "sha512-KTsJMmobmbrFLe3LDh0PC2FXpcSYJt/MLjlkh/9LEnmKYLSYmT/0EW9JWANjeoemiuZrmogti0tW5Ch+qNUYDw==",
      "dependencies": [
        "eslint",
        "eslint-visitor-keys@3.4.3"
      ]
    },
    "@eslint-community/regexpp@4.12.1": {
      "integrity": "sha512-CCZCDJuduB9OUkFkY2IgppNZMi2lBQgD2qzwXkEia16cge2pijY/aXi96CJMquDMn3nJdlPV1A5KrJEXwfLNzQ=="
    },
    "@eslint/config-array@0.20.0": {
      "integrity": "sha512-fxlS1kkIjx8+vy2SjuCB94q3htSNrufYTXubwiBFeaQHbH6Ipi43gFJq2zCMt6PHhImH3Xmr0NksKDvchWlpQQ==",
      "dependencies": [
        "@eslint/object-schema",
        "debug",
        "minimatch@3.1.2"
      ]
    },
    "@eslint/config-helpers@0.2.1": {
      "integrity": "sha512-RI17tsD2frtDu/3dmI7QRrD4bedNKPM08ziRYaC5AhkGrzIAJelm9kJU1TznK+apx6V+cqRz8tfpEeG3oIyjxw=="
    },
    "@eslint/core@0.13.0": {
      "integrity": "sha512-yfkgDw1KR66rkT5A8ci4irzDysN7FRpq3ttJolR88OqQikAWqwA8j5VZyas+vjyBNFIJ7MfybJ9plMILI2UrCw==",
      "dependencies": [
        "@types/json-schema"
      ]
    },
    "@eslint/eslintrc@3.3.1": {
      "integrity": "sha512-gtF186CXhIl1p4pJNGZw8Yc6RlshoePRvE0X91oPGb3vZ8pM3qOS9W9NGPat9LziaBV7XrJWGylNQXkGcnM3IQ==",
      "dependencies": [
        "ajv",
        "debug",
        "espree",
        "globals",
        "ignore",
        "import-fresh",
        "js-yaml",
        "minimatch@3.1.2",
        "strip-json-comments"
      ]
    },
    "@eslint/js@9.25.1": {
      "integrity": "sha512-dEIwmjntEx8u3Uvv+kr3PDeeArL8Hw07H9kyYxCjnM9pBjfEhk6uLXSchxxzgiwtRhhzVzqmUSDFBOi1TuZ7qg=="
    },
    "@eslint/object-schema@2.1.6": {
      "integrity": "sha512-RBMg5FRL0I0gs51M/guSAj5/e14VQ4tpZnQNWwuDT66P14I43ItmPfIZRhO9fUVIPOAQXU47atlywZ/czoqFPA=="
    },
    "@eslint/plugin-kit@0.2.8": {
      "integrity": "sha512-ZAoA40rNMPwSm+AeHpCq8STiNAwzWLJuP8Xv4CHIc9wv/PSuExjMrmjfYNj682vW0OOiZ1HKxzvjQr9XZIisQA==",
      "dependencies": [
        "@eslint/core",
        "levn"
      ]
    },
    "@humanfs/core@0.19.1": {
      "integrity": "sha512-5DyQ4+1JEUzejeK1JGICcideyfUbGixgS9jNgex5nqkW+cY7WZhxBigmieN5Qnw9ZosSNVC9KQKyb+GUaGyKUA=="
    },
    "@humanfs/node@0.16.6": {
      "integrity": "sha512-YuI2ZHQL78Q5HbhDiBA1X4LmYdXCKCMQIfw0pw7piHJwyREFebJUvrQN4cMssyES6x+vfUbx1CIpaQUKYdQZOw==",
      "dependencies": [
        "@humanfs/core",
        "@humanwhocodes/retry@0.3.1"
      ]
    },
    "@humanwhocodes/module-importer@1.0.1": {
      "integrity": "sha512-bxveV4V8v5Yb4ncFTT3rPSgZBOpCkjfK0y4oVVVJwIuDVBRMDXrPyXRL988i5ap9m9bnyEEjWfm5WkBmtffLfA=="
    },
    "@humanwhocodes/retry@0.3.1": {
      "integrity": "sha512-JBxkERygn7Bv/GbN5Rv8Ul6LVknS+5Bp6RgDC/O8gEBU/yeH5Ui5C/OlWrTb6qct7LjjfT6Re2NxB0ln0yYybA=="
    },
    "@humanwhocodes/retry@0.4.2": {
      "integrity": "sha512-xeO57FpIu4p1Ri3Jq/EXq4ClRm86dVF2z/+kvFnyqVYRavTZmaFaUBbWCOuuTh0o/g7DSsk6kc2vrS4Vl5oPOQ=="
    },
    "@jsr/std__assert@1.0.12": {
      "integrity": "sha512-9pmgjJhuljZCmLlbvsRV6aLT5+YCmhX/yIjaWYav7R7Vup2DOLAgpUOs4JkzRbwn7fdKYrwHT8+DjqPr7Ti8mg==",
      "dependencies": [
        "@jsr/std__internal"
      ]
    },
    "@jsr/std__assert@1.0.13": {
      "integrity": "sha512-rZ44REoi2/p+gqu8OfkcNeaTOSiG1kD6v8gyA0YjkXsOkDsiGw9g8h7JuGC/OD7GgOVgTEY+9Cih49Y18rkrCQ==",
      "dependencies": [
        "@jsr/std__internal"
      ]
    },
    "@jsr/std__async@1.0.12": {
      "integrity": "sha512-NUaSOcwMetVeVkIqet2Ammy2A5YxG8ViFxryBbTaC4h7l/cgAkU59U3zF58ek4Y8HZ0Nx5De7qBptPfp62kcgw=="
    },
    "@jsr/std__data-structures@1.0.6": {
      "integrity": "sha512-Ejc8mHLuoYxXLu2zPquvqijdgQ19OV+1DdVDrLc/Cg+tiuGh4Dq2FSnLiPINh4lO1AJ3XcZcYPx38RxdsZcCOg=="
    },
    "@jsr/std__fs@1.0.16": {
      "integrity": "sha512-xnqp8XqEFN+ttkERg9GG+AxyipSd+rfCquLPviF5ZSwN6oCV1TM0ZNoKHXNk/EJAsz28YjF4sfgdJt8XwTV2UQ==",
      "dependencies": [
        "@jsr/std__path"
      ]
    },
    "@jsr/std__internal@1.0.6": {
      "integrity": "sha512-1NLtCx9XAL44nt56gzmRSCgXjIthHVzK62fTkJdq8/XsP7eN9a21AZDpc0EGJ/cgvmmOB52UGh46OuKrrY7eVg=="
    },
    "@jsr/std__net@1.0.4": {
      "integrity": "sha512-KJGU8ZpQ70sMW2Zk+wU3wFUkggS9lTLfRFBygnV9VaK8KI+1ggiqtB06rH4a14CNRGM9y46Mn/ZCbQUd4Q45Jg=="
    },
    "@jsr/std__path@1.0.8": {
      "integrity": "sha512-eNBGlh/8ZVkMxtFH4bwIzlAeKoHYk5in4wrBZhi20zMdOiuX4QozP4+19mIXBT2lzHDjhuVLyECbhFeR304iDg=="
    },
    "@jsr/std__testing@1.0.11": {
      "integrity": "sha512-pqQDYtIsaDf+x4NHQ+WiixRJ8DfhgFQRdlHWWssFAzIYwleR+VHLTNlgsgg+AH3mIIR+gTkBmKk21hTkM/WbMQ==",
      "dependencies": [
        "@jsr/std__assert@1.0.12",
        "@jsr/std__async",
        "@jsr/std__data-structures",
        "@jsr/std__fs",
        "@jsr/std__internal",
        "@jsr/std__path"
      ]
    },
    "@jsr/valkyr__testcontainers@2.0.0": {
      "integrity": "sha512-aK78hRoVyQm3M0aFucuUV7Ghfx4295fJ6Q3fSjtJizYnu10VuktKfcIh5xHhOVAISk1Zh0y3SYGIiuZiKr57vw==",
      "dependencies": [
        "@jsr/std__async",
        "@jsr/std__fs",
        "@jsr/std__net",
        "mongodb",
        "postgres"
      ]
    },
    "@mongodb-js/saslprep@1.2.2": {
      "integrity": "sha512-EB0O3SCSNRUFk66iRCpI+cXzIjdswfCs7F6nOC3RAGJ7xr5YhaicvsRwJ9eyzYvYRlCSDUO/c7g4yNulxKC1WA==",
      "dependencies": [
        "sparse-bitfield"
      ]
    },
    "@nodelib/fs.scandir@2.1.5": {
      "integrity": "sha512-vq24Bq3ym5HEQm2NKCr3yXDwjc7vTsEThRDnkp2DK9p1uqLR+DHurm/NOTo0KG7HYHU7eppKZj3MyqYuMBf62g==",
      "dependencies": [
        "@nodelib/fs.stat",
        "run-parallel"
      ]
    },
    "@nodelib/fs.stat@2.0.5": {
      "integrity": "sha512-RkhPPp2zrqDAQA/2jNhnztcPAlv64XdhIp7a7454A5ovI7Bukxgt7MX7udwAu3zg1DcpPU0rz3VV1SeaqvY4+A=="
    },
    "@nodelib/fs.walk@1.2.8": {
      "integrity": "sha512-oGB+UxlgWcgQkgwo8GcEGwemoTFt3FIO9ababBmaGwXIoBKZ+GTy0pP185beGg7Llih/NSHSV2XAs1lnznocSg==",
      "dependencies": [
        "@nodelib/fs.scandir",
        "fastq"
      ]
    },
    "@types/estree@1.0.7": {
      "integrity": "sha512-w28IoSUCJpidD/TGviZwwMJckNESJZXFu7NBZ5YJ4mEUnNraUn9Pm8HSZm/jDF1pDWYKspWE7oVphigUPRakIQ=="
    },
    "@types/json-schema@7.0.15": {
      "integrity": "sha512-5+fP8P8MFNC+AyZCDxrB2pkZFPGzqQWUzpSeuuVLvm8VMcorNYavBqoFcxK8bQz4Qsbn4oUEEem4wDLfcysGHA=="
    },
    "@types/webidl-conversions@7.0.3": {
      "integrity": "sha512-CiJJvcRtIgzadHCYXw7dqEnMNRjhGZlYK05Mj9OyktqV8uVT8fD2BFOB7S1uwBE3Kj2Z+4UyPmFw/Ixgw/LAlA=="
    },
    "@types/whatwg-url@11.0.5": {
      "integrity": "sha512-coYR071JRaHa+xoEvvYqvnIHaVqaYrLPbsufM9BF63HkwI5Lgmy2QR8Q5K/lYDYo5AK82wOvSOS0UsLTpTG7uQ==",
      "dependencies": [
        "@types/webidl-conversions"
      ]
    },
    "@typescript-eslint/eslint-plugin@8.31.0_@typescript-eslint+parser@8.31.0__eslint@9.25.1__typescript@5.8.3_eslint@9.25.1_typescript@5.8.3": {
      "integrity": "sha512-evaQJZ/J/S4wisevDvC1KFZkPzRetH8kYZbkgcTRyql3mcKsf+ZFDV1BVWUGTCAW5pQHoqn5gK5b8kn7ou9aFQ==",
      "dependencies": [
        "@eslint-community/regexpp",
        "@typescript-eslint/parser",
        "@typescript-eslint/scope-manager",
        "@typescript-eslint/type-utils",
        "@typescript-eslint/utils",
        "@typescript-eslint/visitor-keys",
        "eslint",
        "graphemer",
        "ignore",
        "natural-compare",
        "ts-api-utils",
        "typescript"
      ]
    },
    "@typescript-eslint/parser@8.31.0_eslint@9.25.1_typescript@5.8.3": {
      "integrity": "sha512-67kYYShjBR0jNI5vsf/c3WG4u+zDnCTHTPqVMQguffaWWFs7artgwKmfwdifl+r6XyM5LYLas/dInj2T0SgJyw==",
      "dependencies": [
        "@typescript-eslint/scope-manager",
        "@typescript-eslint/types",
        "@typescript-eslint/typescript-estree",
        "@typescript-eslint/visitor-keys",
        "debug",
        "eslint",
        "typescript"
      ]
    },
    "@typescript-eslint/scope-manager@8.31.0": {
      "integrity": "sha512-knO8UyF78Nt8O/B64i7TlGXod69ko7z6vJD9uhSlm0qkAbGeRUSudcm0+K/4CrRjrpiHfBCjMWlc08Vav1xwcw==",
      "dependencies": [
        "@typescript-eslint/types",
        "@typescript-eslint/visitor-keys"
      ]
    },
    "@typescript-eslint/type-utils@8.31.0_eslint@9.25.1_typescript@5.8.3": {
      "integrity": "sha512-DJ1N1GdjI7IS7uRlzJuEDCgDQix3ZVYVtgeWEyhyn4iaoitpMBX6Ndd488mXSx0xah/cONAkEaYyylDyAeHMHg==",
      "dependencies": [
        "@typescript-eslint/typescript-estree",
        "@typescript-eslint/utils",
        "debug",
        "eslint",
        "ts-api-utils",
        "typescript"
      ]
    },
    "@typescript-eslint/types@8.31.0": {
      "integrity": "sha512-Ch8oSjVyYyJxPQk8pMiP2FFGYatqXQfQIaMp+TpuuLlDachRWpUAeEu1u9B/v/8LToehUIWyiKcA/w5hUFRKuQ=="
    },
    "@typescript-eslint/typescript-estree@8.31.0_typescript@5.8.3": {
      "integrity": "sha512-xLmgn4Yl46xi6aDSZ9KkyfhhtnYI15/CvHbpOy/eR5NWhK/BK8wc709KKwhAR0m4ZKRP7h07bm4BWUYOCuRpQQ==",
      "dependencies": [
        "@typescript-eslint/types",
        "@typescript-eslint/visitor-keys",
        "debug",
        "fast-glob",
        "is-glob",
        "minimatch@9.0.5",
        "semver",
        "ts-api-utils",
        "typescript"
      ]
    },
    "@typescript-eslint/utils@8.31.0_eslint@9.25.1_typescript@5.8.3": {
      "integrity": "sha512-qi6uPLt9cjTFxAb1zGNgTob4x9ur7xC6mHQJ8GwEzGMGE9tYniublmJaowOJ9V2jUzxrltTPfdG2nKlWsq0+Ww==",
      "dependencies": [
        "@eslint-community/eslint-utils",
        "@typescript-eslint/scope-manager",
        "@typescript-eslint/types",
        "@typescript-eslint/typescript-estree",
        "eslint",
        "typescript"
      ]
    },
    "@typescript-eslint/visitor-keys@8.31.0": {
      "integrity": "sha512-QcGHmlRHWOl93o64ZUMNewCdwKGU6WItOU52H0djgNmn1EOrhVudrDzXz4OycCRSCPwFCDrE2iIt5vmuUdHxuQ==",
      "dependencies": [
        "@typescript-eslint/types",
        "eslint-visitor-keys@4.2.0"
      ]
    },
    "@valkyr/db@1.0.1": {
      "integrity": "sha512-zOvf0jbTSOtjzAgWKeD6S3/QQdtodPy+LkxfnhoggOzYhthkmZ1A8SauucFgkvIrzEp8e3IfNBHy0qQUHJRTog==",
      "dependencies": [
        "dot-prop",
        "fast-equals",
        "idb",
        "mingo",
        "nanoid@5.0.2",
        "rfdc",
        "rxjs"
      ]
    },
    "@zod/core@0.8.1": {
      "integrity": "sha512-djj8hPhxIHcG8ptxITaw/Bout5HJZ9NyRbKr95Eilqwt9R0kvITwUQGDU+n+MVdsBIka5KwztmZSLti22F+P0A=="
    },
    "acorn-jsx@5.3.2_acorn@8.14.1": {
      "integrity": "sha512-rq9s+JNhf0IChjtDXxllJ7g41oZk5SlXtp0LHwyA5cejwn7vKmKp4pPri6YEePv2PU65sAsegbXtIinmDFDXgQ==",
      "dependencies": [
        "acorn"
      ]
    },
    "acorn@8.14.1": {
      "integrity": "sha512-OvQ/2pUDKmgfCg++xsTX1wGxfTaszcHVcTctW4UJB4hibJx2HXxxO5UmVgyjMa+ZDsiaf5wWLXYpRWMmBI0QHg=="
    },
    "ajv@6.12.6": {
      "integrity": "sha512-j3fVLgvTo527anyYyJOGTYJbG+vnnQYvE0m5mmkc1TK+nxAppkCLMIL0aZ4dblVCNoGShhm+kzE4ZUykBoMg4g==",
      "dependencies": [
        "fast-deep-equal",
        "fast-json-stable-stringify",
        "json-schema-traverse",
        "uri-js"
      ]
    },
    "ansi-styles@4.3.0": {
      "integrity": "sha512-zbB9rCJAT1rbjiVDb2hqKFHNYLxgtk8NURxZ3IZwD3F6NtxbXZQCnnSi1Lkx+IDohdPlFp222wVALIheZJQSEg==",
      "dependencies": [
        "color-convert"
      ]
    },
    "argparse@2.0.1": {
      "integrity": "sha512-8+9WqebbFzpX9OR+Wa6O29asIogeRMzcGtAINdpMHHyAg10f05aSFVBbcEqGf/PXw1EjAZ+q2/bEBg3DvurK3Q=="
    },
    "balanced-match@1.0.2": {
      "integrity": "sha512-3oSeUO0TMV67hN1AmbXsK4yaqU7tjiHlbxRDZOpH0KW9+CeX4bRAaX0Anxt0tx2MrpRpWwQaPwIlISEJhYU5Pw=="
    },
    "brace-expansion@1.1.11": {
      "integrity": "sha512-iCuPHDFgrHX7H2vEI/5xpz07zSHB00TpugqhmYtVmMO6518mCuRMoOYFldEBl0g187ufozdaHgWKcYFb61qGiA==",
      "dependencies": [
        "balanced-match",
        "concat-map"
      ]
    },
    "brace-expansion@2.0.1": {
      "integrity": "sha512-XnAIvQ8eM+kC6aULx6wuQiwVsnzsi9d3WxzV3FpWTGA19F621kwdbsAcFKXgKUHZWsy+mY6iL1sHTxWEFCytDA==",
      "dependencies": [
        "balanced-match"
      ]
    },
    "braces@3.0.3": {
      "integrity": "sha512-yQbXgO/OSZVD2IsiLlro+7Hf6Q18EJrKSEsdoMzKePKXct3gvD8oLcOQdIzGupr5Fj+EDe8gO/lxc1BzfMpxvA==",
      "dependencies": [
        "fill-range"
      ]
    },
    "bson@6.10.3": {
      "integrity": "sha512-MTxGsqgYTwfshYWTRdmZRC+M7FnG1b4y7RO7p2k3X24Wq0yv1m77Wsj0BzlPzd/IowgESfsruQCUToa7vbOpPQ=="
    },
    "callsites@3.1.0": {
      "integrity": "sha512-P8BjAsXvZS+VIDUI11hHCQEv74YT67YUi5JJFNWIqL235sBmjX4+qx9Muvls5ivyNENctx46xQLQ3aTuE7ssaQ=="
    },
    "chalk@4.1.2": {
      "integrity": "sha512-oKnbhFyRIXpUuez8iBMmyEa4nbj4IOQyuhc/wy9kY7/WVPcwIO9VA668Pu8RkO7+0G76SLROeyw9CpQ061i4mA==",
      "dependencies": [
        "ansi-styles",
        "supports-color"
      ]
    },
    "color-convert@2.0.1": {
      "integrity": "sha512-RRECPsj7iu/xb5oKYcsFHSppFNnsj/52OVTRKb4zP5onXwVF3zVmmToNcOfGC+CRDpfK/U584fMg38ZHCaElKQ==",
      "dependencies": [
        "color-name"
      ]
    },
    "color-name@1.1.4": {
      "integrity": "sha512-dOy+3AuW3a2wNbZHIuMZpTcgjGuLU/uBL/ubcZF9OXbDo8ff4O8yVp5Bf0efS8uEoYo5q4Fx7dY9OgQGXgAsQA=="
    },
    "concat-map@0.0.1": {
      "integrity": "sha512-/Srv4dswyQNBfohGpz9o6Yb3Gz3SrUDqBH5rTuhGR7ahtlbYKnVxw2bCFMRljaA7EXHaXZ8wsHdodFvbkhKmqg=="
    },
    "cross-spawn@7.0.6": {
      "integrity": "sha512-uV2QOWP2nWzsy2aMp8aRibhi9dlzF5Hgh5SHaB9OiTGEyDTiJJyx0uy51QXdyWbtAHNua4XJzUKca3OzKUd3vA==",
      "dependencies": [
        "path-key",
        "shebang-command",
        "which"
      ]
    },
    "debug@4.4.0": {
      "integrity": "sha512-6WTZ/IxCY/T6BALoZHaE4ctp9xm+Z5kY/pzYaCHRFeyVhojxlrm+46y68HA6hr0TcwEssoxNiDEUJQjfPZ/RYA==",
      "dependencies": [
        "ms"
      ]
    },
    "deep-is@0.1.4": {
      "integrity": "sha512-oIPzksmTg4/MriiaYGO+okXDT7ztn/w3Eptv/+gSIdMdKsJo0u4CfYNFJPy+4SKMuCqGw2wxnA+URMg3t8a/bQ=="
    },
    "dot-prop@8.0.2": {
      "integrity": "sha512-xaBe6ZT4DHPkg0k4Ytbvn5xoxgpG0jOS1dYxSOwAHPuNLjP3/OzN0gH55SrLqpx8cBfSaVt91lXYkApjb+nYdQ==",
      "dependencies": [
        "type-fest"
      ]
    },
    "escape-string-regexp@4.0.0": {
      "integrity": "sha512-TtpcNJ3XAzx3Gq8sWRzJaVajRs0uVxA2YAkdb1jm2YkPz4G6egUFAyA3n5vtEIZefPk5Wa4UXbKuS5fKkJWdgA=="
    },
    "eslint-plugin-simple-import-sort@12.1.1_eslint@9.25.1": {
      "integrity": "sha512-6nuzu4xwQtE3332Uz0to+TxDQYRLTKRESSc2hefVT48Zc8JthmN23Gx9lnYhu0FtkRSL1oxny3kJ2aveVhmOVA==",
      "dependencies": [
        "eslint"
      ]
    },
    "eslint-scope@8.3.0": {
      "integrity": "sha512-pUNxi75F8MJ/GdeKtVLSbYg4ZI34J6C0C7sbL4YOp2exGwen7ZsuBqKzUhXd0qMQ362yET3z+uPwKeg/0C2XCQ==",
      "dependencies": [
        "esrecurse",
        "estraverse"
      ]
    },
    "eslint-visitor-keys@3.4.3": {
      "integrity": "sha512-wpc+LXeiyiisxPlEkUzU6svyS1frIO3Mgxj1fdy7Pm8Ygzguax2N3Fa/D/ag1WqbOprdI+uY6wMUl8/a2G+iag=="
    },
    "eslint-visitor-keys@4.2.0": {
      "integrity": "sha512-UyLnSehNt62FFhSwjZlHmeokpRK59rcz29j+F1/aDgbkbRTk7wIc9XzdoasMUbRNKDM0qQt/+BJ4BrpFeABemw=="
    },
    "eslint@9.25.1": {
      "integrity": "sha512-E6Mtz9oGQWDCpV12319d59n4tx9zOTXSTmc8BLVxBx+G/0RdM5MvEEJLU9c0+aleoePYYgVTOsRblx433qmhWQ==",
      "dependencies": [
        "@eslint-community/eslint-utils",
        "@eslint-community/regexpp",
        "@eslint/config-array",
        "@eslint/config-helpers",
        "@eslint/core",
        "@eslint/eslintrc",
        "@eslint/js",
        "@eslint/plugin-kit",
        "@humanfs/node",
        "@humanwhocodes/module-importer",
        "@humanwhocodes/retry@0.4.2",
        "@types/estree",
        "@types/json-schema",
        "ajv",
        "chalk",
        "cross-spawn",
        "debug",
        "escape-string-regexp",
        "eslint-scope",
        "eslint-visitor-keys@4.2.0",
        "espree",
        "esquery",
        "esutils",
        "fast-deep-equal",
        "file-entry-cache",
        "find-up",
        "glob-parent@6.0.2",
        "ignore",
        "imurmurhash",
        "is-glob",
        "json-stable-stringify-without-jsonify",
        "lodash.merge",
        "minimatch@3.1.2",
        "natural-compare",
        "optionator"
      ]
    },
    "espree@10.3.0_acorn@8.14.1": {
      "integrity": "sha512-0QYC8b24HWY8zjRnDTL6RiHfDbAWn63qb4LMj1Z4b076A4une81+z03Kg7l7mn/48PUTqoLptSXez8oknU8Clg==",
      "dependencies": [
        "acorn",
        "acorn-jsx",
        "eslint-visitor-keys@4.2.0"
      ]
    },
    "esquery@1.6.0": {
      "integrity": "sha512-ca9pw9fomFcKPvFLXhBKUK90ZvGibiGOvRJNbjljY7s7uq/5YO4BOzcYtJqExdx99rF6aAcnRxHmcUHcz6sQsg==",
      "dependencies": [
        "estraverse"
      ]
    },
    "esrecurse@4.3.0": {
      "integrity": "sha512-KmfKL3b6G+RXvP8N1vr3Tq1kL/oCFgn2NYXEtqP8/L3pKapUA4G8cFVaoF3SU323CD4XypR/ffioHmkti6/Tag==",
      "dependencies": [
        "estraverse"
      ]
    },
    "estraverse@5.3.0": {
      "integrity": "sha512-MMdARuVEQziNTeJD8DgMqmhwR11BRQ/cBP+pLtYdSTnf3MIO8fFeiINEbX36ZdNlfU/7A9f3gUw49B3oQsvwBA=="
    },
    "esutils@2.0.3": {
      "integrity": "sha512-kVscqXk4OCp68SZ0dkgEKVi6/8ij300KBWTJq32P/dYeWTSwK41WyTxalN1eRmA5Z9UU/LX9D7FWSmV9SAYx6g=="
    },
    "fake-indexeddb@6.0.0": {
      "integrity": "sha512-YEboHE5VfopUclOck7LncgIqskAqnv4q0EWbYCaxKKjAvO93c+TJIaBuGy8CBFdbg9nKdpN3AuPRwVBJ4k7NrQ=="
    },
    "fast-deep-equal@3.1.3": {
      "integrity": "sha512-f3qQ9oQy9j2AhBe/H9VC91wLmKBCCU/gDOnKNAYG5hswO7BLKj09Hc5HYNz9cGI++xlpDCIgDaitVs03ATR84Q=="
    },
    "fast-equals@5.0.1": {
      "integrity": "sha512-WF1Wi8PwwSY7/6Kx0vKXtw8RwuSGoM1bvDaJbu7MxDlR1vovZjIAKrnzyrThgAjm6JDTu0fVgWXDlMGspodfoQ=="
    },
    "fast-glob@3.3.3": {
      "integrity": "sha512-7MptL8U0cqcFdzIzwOTHoilX9x5BrNqye7Z/LuC7kCMRio1EMSyqRK3BEAUD7sXRq4iT4AzTVuZdhgQ2TCvYLg==",
      "dependencies": [
        "@nodelib/fs.stat",
        "@nodelib/fs.walk",
        "glob-parent@5.1.2",
        "merge2",
        "micromatch"
      ]
    },
    "fast-json-stable-stringify@2.1.0": {
      "integrity": "sha512-lhd/wF+Lk98HZoTCtlVraHtfh5XYijIjalXck7saUtuanSDyLMxnHhSXEDJqHxD7msR8D0uCmqlkwjCV8xvwHw=="
    },
    "fast-levenshtein@2.0.6": {
      "integrity": "sha512-DCXu6Ifhqcks7TZKY3Hxp3y6qphY5SJZmrWMDrKcERSOXWQdMhU9Ig/PYrzyw/ul9jOIyh0N4M0tbC5hodg8dw=="
    },
    "fastq@1.19.1": {
      "integrity": "sha512-GwLTyxkCXjXbxqIhTsMI2Nui8huMPtnxg7krajPJAjnEG/iiOS7i+zCtWGZR9G0NBKbXKh6X9m9UIsYX/N6vvQ==",
      "dependencies": [
        "reusify"
      ]
    },
    "file-entry-cache@8.0.0": {
      "integrity": "sha512-XXTUwCvisa5oacNGRP9SfNtYBNAMi+RPwBFmblZEF7N7swHYQS6/Zfk7SRwx4D5j3CH211YNRco1DEMNVfZCnQ==",
      "dependencies": [
        "flat-cache"
      ]
    },
    "fill-range@7.1.1": {
      "integrity": "sha512-YsGpe3WHLK8ZYi4tWDg2Jy3ebRz2rXowDxnld4bkQB00cc/1Zw9AWnC0i9ztDJitivtQvaI9KaLyKrc+hBW0yg==",
      "dependencies": [
        "to-regex-range"
      ]
    },
    "find-up@5.0.0": {
      "integrity": "sha512-78/PXT1wlLLDgTzDs7sjq9hzz0vXD+zn+7wypEe4fXQxCmdmqfGsEPQxmiCSQI3ajFV91bVSsvNtrJRiW6nGng==",
      "dependencies": [
        "locate-path",
        "path-exists"
      ]
    },
    "flat-cache@4.0.1": {
      "integrity": "sha512-f7ccFPK3SXFHpx15UIGyRJ/FJQctuKZ0zVuN3frBo4HnK3cay9VEW0R6yPYFHC0AgqhukPzKjq22t5DmAyqGyw==",
      "dependencies": [
        "flatted",
        "keyv"
      ]
    },
    "flatted@3.3.3": {
      "integrity": "sha512-GX+ysw4PBCz0PzosHDepZGANEuFCMLrnRTiEy9McGjmkCQYwRq4A/X786G/fjM/+OjsWSU1ZrY5qyARZmO/uwg=="
    },
    "glob-parent@5.1.2": {
      "integrity": "sha512-AOIgSQCepiJYwP3ARnGx+5VnTu2HBYdzbGP45eLw1vr3zB3vZLeyed1sC9hnbcOc9/SrMyM5RPQrkGz4aS9Zow==",
      "dependencies": [
        "is-glob"
      ]
    },
    "glob-parent@6.0.2": {
      "integrity": "sha512-XxwI8EOhVQgWp6iDL+3b0r86f4d6AX6zSU55HfB4ydCEuXLXc5FcYeOu+nnGftS4TEju/11rt4KJPTMgbfmv4A==",
      "dependencies": [
        "is-glob"
      ]
    },
    "globals@14.0.0": {
      "integrity": "sha512-oahGvuMGQlPw/ivIYBjVSrWAfWLBeku5tpPE2fOPLi+WHffIWbuh2tCjhyQhTBPMf5E9jDEH4FOmTYgYwbKwtQ=="
    },
    "graphemer@1.4.0": {
      "integrity": "sha512-EtKwoO6kxCL9WO5xipiHTZlSzBm7WLT627TqC/uVRd0HKmq8NXyebnNYxDoBi7wt8eTWrUrKXCOVaFq9x1kgag=="
    },
    "has-flag@4.0.0": {
      "integrity": "sha512-EykJT/Q1KjTWctppgIAgfSO0tKVuZUjhgMr17kqTumMl6Afv3EISleU7qZUzoXDFTAHTDC4NOoG/ZxU3EvlMPQ=="
    },
    "idb@7.1.1": {
      "integrity": "sha512-gchesWBzyvGHRO9W8tzUWFDycow5gwjvFKfyV9FF32Y7F50yZMp7mP+T2mJIWFx49zicqyC4uefHM17o6xKIVQ=="
    },
    "ignore@5.3.2": {
      "integrity": "sha512-hsBTNUqQTDwkWtcdYI2i06Y/nUBEsNEDJKjWdigLvegy8kDuJAS8uRlpkkcQpyEXL0Z/pjDy5HBmMjRCJ2gq+g=="
    },
    "import-fresh@3.3.1": {
      "integrity": "sha512-TR3KfrTZTYLPB6jUjfx6MF9WcWrHL9su5TObK4ZkYgBdWKPOFoSoQIdEuTuR82pmtxH2spWG9h6etwfr1pLBqQ==",
      "dependencies": [
        "parent-module",
        "resolve-from"
      ]
    },
    "imurmurhash@0.1.4": {
      "integrity": "sha512-JmXMZ6wuvDmLiHEml9ykzqO6lwFbof0GG4IkcGaENdCRDDmMVnny7s5HsIgHCbaq0w2MyPhDqkhTUgS2LU2PHA=="
    },
    "is-extglob@2.1.1": {
      "integrity": "sha512-SbKbANkN603Vi4jEZv49LeVJMn4yGwsbzZworEoyEiutsN3nJYdbO36zfhGJ6QEDpOZIFkDtnq5JRxmvl3jsoQ=="
    },
    "is-glob@4.0.3": {
      "integrity": "sha512-xelSayHH36ZgE7ZWhli7pW34hNbNl8Ojv5KVmkJD4hBdD3th8Tfk9vYasLM+mXWOZhFkgZfxhLSnrwRr4elSSg==",
      "dependencies": [
        "is-extglob"
      ]
    },
    "is-number@7.0.0": {
      "integrity": "sha512-41Cifkg6e8TylSpdtTpeLVMqvSBEVzTttHvERD741+pnZ8ANv0004MRL43QKPDlK9cGvNp6NZWZUBlbGXYxxng=="
    },
    "isexe@2.0.0": {
      "integrity": "sha512-RHxMLp9lnKHGHRng9QFhRCMbYAcVpn69smSGcq3f36xjgVVWThj4qqLbTLlq7Ssj8B+fIQ1EuCEGI2lKsyQeIw=="
    },
    "js-yaml@4.1.0": {
      "integrity": "sha512-wpxZs9NoxZaJESJGIZTyDEaYpl0FKSA+FB9aJiyemKhMwkxQg63h4T1KJgUGHpTqPDNRcmmYLugrRjJlBtWvRA==",
      "dependencies": [
        "argparse"
      ]
    },
    "json-buffer@3.0.1": {
      "integrity": "sha512-4bV5BfR2mqfQTJm+V5tPPdf+ZpuhiIvTuAB5g8kcrXOZpTT/QwwVRWBywX1ozr6lEuPdbHxwaJlm9G6mI2sfSQ=="
    },
    "json-schema-traverse@0.4.1": {
      "integrity": "sha512-xbbCH5dCYU5T8LcEhhuh7HJ88HXuW3qsI3Y0zOZFKfZEHcpWiHU/Jxzk629Brsab/mMiHQti9wMP+845RPe3Vg=="
    },
    "json-stable-stringify-without-jsonify@1.0.1": {
      "integrity": "sha512-Bdboy+l7tA3OGW6FjyFHWkP5LuByj1Tk33Ljyq0axyzdk9//JSi2u3fP1QSmd1KNwq6VOKYGlAu87CisVir6Pw=="
    },
    "keyv@4.5.4": {
      "integrity": "sha512-oxVHkHR/EJf2CNXnWxRLW6mg7JyCCUcG0DtEGmL2ctUo1PNTin1PUil+r/+4r5MpVgC/fn1kjsx7mjSujKqIpw==",
      "dependencies": [
        "json-buffer"
      ]
    },
    "levn@0.4.1": {
      "integrity": "sha512-+bT2uH4E5LGE7h/n3evcS/sQlJXCpIp6ym8OWJ5eV6+67Dsql/LaaT7qJBAt2rzfoa/5QBGBhxDix1dMt2kQKQ==",
      "dependencies": [
        "prelude-ls",
        "type-check"
      ]
    },
    "locate-path@6.0.0": {
      "integrity": "sha512-iPZK6eYjbxRu3uB4/WZ3EsEIMJFMqAoopl3R+zuq0UjcAm/MO6KCweDgPfP3elTztoKP3KtnVHxTn2NHBSDVUw==",
      "dependencies": [
        "p-locate"
      ]
    },
    "lodash.merge@4.6.2": {
      "integrity": "sha512-0KpjqXRVvrYyCsX1swR/XTK0va6VQkQM6MNo7PqW77ByjAhoARA8EfrP1N4+KlKj8YS0ZUCtRT/YUuhyYDujIQ=="
    },
    "memory-pager@1.5.0": {
      "integrity": "sha512-ZS4Bp4r/Zoeq6+NLJpP+0Zzm0pR8whtGPf1XExKLJBAczGMnSi3It14OiNCStjQjM6NU1okjQGSxgEZN8eBYKg=="
    },
    "merge2@1.4.1": {
      "integrity": "sha512-8q7VEgMJW4J8tcfVPy8g09NcQwZdbwFEqhe/WZkoIzjn/3TGDwtOCYtXGxA3O8tPzpczCCDgv+P2P5y00ZJOOg=="
    },
    "micromatch@4.0.8": {
      "integrity": "sha512-PXwfBhYu0hBCPw8Dn0E+WDYb7af3dSLVWKi3HGv84IdF4TyFoC0ysxFd0Goxw7nSv4T/PzEJQxsYsEiFCKo2BA==",
      "dependencies": [
        "braces",
        "picomatch"
      ]
    },
    "mingo@6.4.6": {
      "integrity": "sha512-SMp06Eo5iEthCPpKXgEZ6DTZKxknpTqj49YN6iHpapj9DKltBCv0RFu+0mBBjMU0SiHR9pYkurkk74+VFGTqxw=="
    },
    "minimatch@3.1.2": {
      "integrity": "sha512-J7p63hRiAjw1NDEww1W7i37+ByIrOWO5XQQAzZ3VOcL0PNybwpfmV/N05zFAzwQ9USyEcX6t3UO+K5aqBQOIHw==",
      "dependencies": [
        "brace-expansion@1.1.11"
      ]
    },
    "minimatch@9.0.5": {
      "integrity": "sha512-G6T0ZX48xgozx7587koeX9Ys2NYy6Gmv//P89sEte9V9whIapMNF4idKxnW2QtCcLiTWlb/wfCabAtAFWhhBow==",
      "dependencies": [
        "brace-expansion@2.0.1"
      ]
    },
    "mongodb-connection-string-url@3.0.2": {
      "integrity": "sha512-rMO7CGo/9BFwyZABcKAWL8UJwH/Kc2x0g72uhDWzG48URRax5TCIcJ7Rc3RZqffZzO/Gwff/jyKwCU9TN8gehA==",
      "dependencies": [
        "@types/whatwg-url",
        "whatwg-url"
      ]
    },
    "mongodb@6.15.0": {
      "integrity": "sha512-ifBhQ0rRzHDzqp9jAQP6OwHSH7dbYIQjD3SbJs9YYk9AikKEettW/9s/tbSFDTpXcRbF+u1aLrhHxDFaYtZpFQ==",
      "dependencies": [
        "@mongodb-js/saslprep",
        "bson",
        "mongodb-connection-string-url"
      ]
    },
    "ms@2.1.3": {
      "integrity": "sha512-6FlzubTLZG3J2a/NVCAleEhjzq5oxgHyaCU9yYXvcLsvoVaHJq/s5xXI6/XXP6tz7R9xAOtHnSO/tXtF3WRTlA=="
    },
    "nanoid@5.0.2": {
      "integrity": "sha512-2ustYUX1R2rL/Br5B/FMhi8d5/QzvkJ912rBYxskcpu0myTHzSZfTr1LAS2Sm7jxRUObRrSBFoyzwAhL49aVSg=="
    },
    "nanoid@5.1.5": {
      "integrity": "sha512-Ir/+ZpE9fDsNH0hQ3C68uyThDXzYcim2EqcZ8zn8Chtt1iylPT9xXJB0kPCnqzgcEGikO9RxSrh63MsmVCU7Fw=="
    },
    "natural-compare@1.4.0": {
      "integrity": "sha512-OWND8ei3VtNC9h7V60qff3SVobHr996CTwgxubgyQYEpg290h9J0buyECNNJexkFm5sOajh5G116RYA1c8ZMSw=="
    },
    "optionator@0.9.4": {
      "integrity": "sha512-6IpQ7mKUxRcZNLIObR0hz7lxsapSSIYNZJwXPGeF0mTVqGKFIXj1DQcMoT22S3ROcLyY/rz0PWaWZ9ayWmad9g==",
      "dependencies": [
        "deep-is",
        "fast-levenshtein",
        "levn",
        "prelude-ls",
        "type-check",
        "word-wrap"
      ]
    },
    "p-limit@3.1.0": {
      "integrity": "sha512-TYOanM3wGwNGsZN2cVTYPArw454xnXj5qmWF1bEoAc4+cU/ol7GVh7odevjp1FNHduHc3KZMcFduxU5Xc6uJRQ==",
      "dependencies": [
        "yocto-queue"
      ]
    },
    "p-locate@5.0.0": {
      "integrity": "sha512-LaNjtRWUBY++zB5nE/NwcaoMylSPk+S+ZHNB1TzdbMJMny6dynpAGt7X/tl/QYq3TIeE6nxHppbo2LGymrG5Pw==",
      "dependencies": [
        "p-limit"
      ]
    },
    "parent-module@1.0.1": {
      "integrity": "sha512-GQ2EWRpQV8/o+Aw8YqtfZZPfNRWZYkbidE9k5rpl/hC3vtHHBfGm2Ifi6qWV+coDGkrUKZAxE3Lot5kcsRlh+g==",
      "dependencies": [
        "callsites"
      ]
    },
    "path-exists@4.0.0": {
      "integrity": "sha512-ak9Qy5Q7jYb2Wwcey5Fpvg2KoAc/ZIhLSLOSBmRmygPsGwkVVt0fZa0qrtMz+m6tJTAHfZQ8FnmB4MG4LWy7/w=="
    },
    "path-key@3.1.1": {
      "integrity": "sha512-ojmeN0qd+y0jszEtoY48r0Peq5dwMEkIlCOu6Q5f41lfkswXuKtYrhgoTpLnyIcHm24Uhqx+5Tqm2InSwLhE6Q=="
    },
    "picomatch@2.3.1": {
      "integrity": "sha512-JU3teHTNjmE2VCGFzuY8EXzCDVwEqB2a8fsIvwaStHhAWJEeVd1o1QD80CU6+ZdEXXSLbSsuLwJjkCBWqRQUVA=="
    },
    "postgres@3.4.5": {
      "integrity": "sha512-cDWgoah1Gez9rN3H4165peY9qfpEo+SA61oQv65O3cRUE1pOEoJWwddwcqKE8XZYjbblOJlYDlLV4h67HrEVDg=="
    },
    "prelude-ls@1.2.1": {
      "integrity": "sha512-vkcDPrRZo1QZLbn5RLGPpg/WmIQ65qoWWhcGKf/b5eplkkarX0m9z8ppCat4mlOqUsWpyNuYgO3VRyrYHSzX5g=="
    },
    "prettier@3.5.3": {
      "integrity": "sha512-QQtaxnoDJeAkDvDKWCLiwIXkTgRhwYDEQCghU9Z6q03iyek/rxRh/2lC3HB7P8sWT2xC/y5JDctPLBIGzHKbhw=="
    },
    "punycode@2.3.1": {
      "integrity": "sha512-vYt7UD1U9Wg6138shLtLOvdAu+8DsC/ilFtEVHcH+wydcSpNE20AfSOduf6MkRFahL5FY7X1oU7nKVZFtfq8Fg=="
    },
    "queue-microtask@1.2.3": {
      "integrity": "sha512-NuaNSa6flKT5JaSYQzJok04JzTL1CA6aGhv5rfLW3PgqA+M2ChpZQnAC8h8i4ZFkBS8X5RqkDBHA7r4hej3K9A=="
    },
    "resolve-from@4.0.0": {
      "integrity": "sha512-pb/MYmXstAkysRFx8piNI1tGFNQIFA3vkE3Gq4EuA1dF6gHp/+vgZqsCGJapvy8N3Q+4o7FwvquPJcnZ7RYy4g=="
    },
    "reusify@1.1.0": {
      "integrity": "sha512-g6QUff04oZpHs0eG5p83rFLhHeV00ug/Yf9nZM6fLeUrPguBTkTQOdpAWWspMh55TZfVQDPaN3NQJfbVRAxdIw=="
    },
    "rfdc@1.3.0": {
      "integrity": "sha512-V2hovdzFbOi77/WajaSMXk2OLm+xNIeQdMMuB7icj7bk6zi2F8GGAxigcnDFpJHbNyNcgyJDiP+8nOrY5cZGrA=="
    },
    "run-parallel@1.2.0": {
      "integrity": "sha512-5l4VyZR86LZ/lDxZTR6jqL8AFE2S0IFLMP26AbjsLVADxHdhB/c0GUsH+y39UfCi3dzz8OlQuPmnaJOMoDHQBA==",
      "dependencies": [
        "queue-microtask"
      ]
    },
    "rxjs@7.8.1": {
      "integrity": "sha512-AA3TVj+0A2iuIoQkWEK/tqFjBq2j+6PO6Y0zJcvzLAFhEFIO3HL0vls9hWLncZbAAbK0mar7oZ4V079I/qPMxg==",
      "dependencies": [
        "tslib"
      ]
    },
    "semver@7.7.1": {
      "integrity": "sha512-hlq8tAfn0m/61p4BVRcPzIGr6LKiMwo4VM6dGi6pt4qcRkmNzTcWq6eCEjEh+qXjkMDvPlOFFSGwQjoEa6gyMA=="
    },
    "shebang-command@2.0.0": {
      "integrity": "sha512-kHxr2zZpYtdmrN1qDjrrX/Z1rR1kG8Dx+gkpK1G4eXmvXswmcE1hTWBWYUzlraYw1/yZp6YuDY77YtvbN0dmDA==",
      "dependencies": [
        "shebang-regex"
      ]
    },
    "shebang-regex@3.0.0": {
      "integrity": "sha512-7++dFhtcx3353uBaq8DDR4NuxBetBzC7ZQOhmTQInHEd6bSrXdiEyzCvG07Z44UYdLShWUyXt5M/yhz8ekcb1A=="
    },
    "sparse-bitfield@3.0.3": {
      "integrity": "sha512-kvzhi7vqKTfkh0PZU+2D2PIllw2ymqJKujUcyPMd9Y75Nv4nPbGJZXNhxsgdQab2BmlDct1YnfQCguEvHr7VsQ==",
      "dependencies": [
        "memory-pager"
      ]
    },
    "strip-json-comments@3.1.1": {
      "integrity": "sha512-6fPc+R4ihwqP6N/aIv2f1gMH8lOVtWQHoqC4yK6oSDVVocumAsfCqjkXnqiYMhmMwS/mEHLp7Vehlt3ql6lEig=="
    },
    "supports-color@7.2.0": {
      "integrity": "sha512-qpCAvRl9stuOHveKsn7HncJRvv501qIacKzQlO/+Lwxc9+0q2wLyv4Dfvt80/DPn2pqOBsJdDiogXGR9+OvwRw==",
      "dependencies": [
        "has-flag"
      ]
    },
    "to-regex-range@5.0.1": {
      "integrity": "sha512-65P7iz6X5yEr1cwcgvQxbbIw7Uk3gOy5dIdtZ4rDveLqhrdJP+Li/Hx6tyK0NEb+2GCyneCMJiGqrADCSNk8sQ==",
      "dependencies": [
        "is-number"
      ]
    },
    "tr46@5.1.1": {
      "integrity": "sha512-hdF5ZgjTqgAntKkklYw0R03MG2x/bSzTtkxmIRw/sTNV8YXsCJ1tfLAX23lhxhHJlEf3CRCOCGGWw3vI3GaSPw==",
      "dependencies": [
        "punycode"
      ]
    },
    "ts-api-utils@2.1.0_typescript@5.8.3": {
      "integrity": "sha512-CUgTZL1irw8u29bzrOD/nH85jqyc74D6SshFgujOIA7osm2Rz7dYH77agkx7H4FBNxDq7Cjf+IjaX/8zwFW+ZQ==",
      "dependencies": [
        "typescript"
      ]
    },
    "tslib@2.8.1": {
      "integrity": "sha512-oJFu94HQb+KVduSUQL7wnpmqnfmLsOA/nAh6b6EH0wCEoK0/mPeXU6c3wKDV83MkOuHPRHtSXKKU99IBazS/2w=="
    },
    "type-check@0.4.0": {
      "integrity": "sha512-XleUoc9uwGXqjWwXaUTZAmzMcFZ5858QA2vvx1Ur5xIcixXIP+8LnFDgRplU30us6teqdlskFfu+ae4K79Ooew==",
      "dependencies": [
        "prelude-ls"
      ]
    },
    "type-fest@3.13.1": {
      "integrity": "sha512-tLq3bSNx+xSpwvAJnzrK0Ep5CLNWjvFTOp71URMaAEWBfRb9nnJiBoUe0tF8bI4ZFO3omgBR6NvnbzVUT3Ly4g=="
    },
    "typescript-eslint@8.31.0_eslint@9.25.1_typescript@5.8.3_@typescript-eslint+parser@8.31.0__eslint@9.25.1__typescript@5.8.3": {
      "integrity": "sha512-u+93F0sB0An8WEAPtwxVhFby573E8ckdjwUUQUj9QA4v8JAvgtoDdIyYR3XFwFHq2W1KJ1AurwJCO+w+Y1ixyQ==",
      "dependencies": [
        "@typescript-eslint/eslint-plugin",
        "@typescript-eslint/parser",
        "@typescript-eslint/utils",
        "eslint",
        "typescript"
      ]
    },
    "typescript@5.8.3": {
      "integrity": "sha512-p1diW6TqL9L07nNxvRMM7hMMw4c5XOo/1ibL4aAIGmSAt9slTE1Xgw5KWuof2uTOvCg9BY7ZRi+GaF+7sfgPeQ=="
    },
    "uri-js@4.4.1": {
      "integrity": "sha512-7rKUyy33Q1yc98pQ1DAmLtwX109F7TIfWlW1Ydo8Wl1ii1SeHieeh0HHfPeL2fMXK6z0s8ecKs9frCuLJvndBg==",
      "dependencies": [
        "punycode"
      ]
    },
    "webidl-conversions@7.0.0": {
      "integrity": "sha512-VwddBukDzu71offAQR975unBIGqfKZpM+8ZX6ySk8nYhVoo5CYaZyzt3YBvYtRtO+aoGlqxPg/B87NGVZ/fu6g=="
    },
    "whatwg-url@14.2.0": {
      "integrity": "sha512-De72GdQZzNTUBBChsXueQUnPKDkg/5A5zp7pFDuQAj5UFoENpiACU0wlCvzpAGnTkj++ihpKwKyYewn/XNUbKw==",
      "dependencies": [
        "tr46",
        "webidl-conversions"
      ]
    },
    "which@2.0.2": {
      "integrity": "sha512-BLI3Tl1TW3Pvl70l3yq3Y64i+awpwXqsGBYWkkqMtnbXgrMD+yj7rhW0kuEDxzJaYXGjEW5ogapKNMEKNMjibA==",
      "dependencies": [
        "isexe"
      ]
    },
    "word-wrap@1.2.5": {
      "integrity": "sha512-BN22B5eaMMI9UMtjrGd5g5eCYPpCPDUy0FJXbYsaT5zYxjFOckS53SQDE3pWkVoWpHXVb3BrYcEN4Twa55B5cA=="
    },
    "yocto-queue@0.1.0": {
      "integrity": "sha512-rVksvsnNCdJ/ohGc6xgPwyN8eheCxsiLM8mxuE/t/mOVqJewPuO1miLpTHQiRgTKCLexL4MeAFVagts7HmNZ2Q=="
    },
    "zod@4.0.0-beta.20250420T053007": {
      "integrity": "sha512-5pp8Q0PNDaNcUptGiBE9akyioJh3RJpagIxrLtAVMR9IxwcSZiOsJD/1/98CyhItdTlI2H91MfhhLzRlU+fifA==",
      "dependencies": [
        "@zod/core"
      ]
    }
  },
  "workspace": {
    "packageJson": {
      "dependencies": [
        "npm:@jsr/std__assert@1.0.13",
        "npm:@jsr/std__async@1.0.12",
        "npm:@jsr/std__testing@1.0.11",
        "npm:@jsr/valkyr__testcontainers@2.0.0",
        "npm:@valkyr/db@1.0.1",
        "npm:eslint-plugin-simple-import-sort@12.1.1",
        "npm:eslint@9.25.1",
        "npm:fake-indexeddb@6.0.0",
        "npm:mongodb@6.15.0",
        "npm:nanoid@5.1.5",
        "npm:postgres@3.4.5",
        "npm:prettier@3.5.3",
        "npm:typescript-eslint@8.31.0",
        "npm:zod@next"
      ]
    }
  }
}
